
Microsoft Visual Studio Solution File, Format Version 12.00
# Visual Studio 2012
Project("{FAE04EC0-301F-11D3-BF4B-00C04F79EFBC}") = "ShinyWrench", "ShinyWrench\ShinyWrench.csproj", "{642CE497-C38E-4662-83D2-998C2166D400}"
EndProject
Global
	GlobalSection(SolutionConfigurationPlatforms) = preSolution
		Debug|Any CPU = Debug|Any CPU
		Release|Any CPU = Release|Any CPU
	EndGlobalSection
	GlobalSection(ProjectConfigurationPlatforms) = postSolution
		{642CE497-C38E-4662-83D2-998C2166D400}.Debug|Any CPU.ActiveCfg = Debug|Any CPU
		{642CE497-C38E-4662-83D2-998C2166D400}.Debug|Any CPU.Build.0 = Debug|Any CPU
		{642CE497-C38E-4662-83D2-998C2166D400}.Release|Any CPU.ActiveCfg = Release|Any CPU
		{642CE497-C38E-4662-83D2-998C2166D400}.Release|Any CPU.Build.0 = Release|Any CPU
	EndGlobalSection
	GlobalSection(SolutionProperties) = preSolution
		HideSolutionNode = FALSE
	EndGlobalSection
EndGlobal
